<?xml version="1.0" encoding="utf-8"?>
<Project ToolsVersion="4.0" xmlns="http://schemas.microsoft.com/developer/msbuild/2003">
  <ItemGroup>
    <Filter Include="Source Files">
      <UniqueIdentifier>{4FC737F1-C7A5-4376-A066-2A32D752A2FF}</UniqueIdentifier>
      <Extensions>cpp;c;cc;cxx;def;odl;idl;hpj;bat;asm;asmx</Extensions>
    </Filter>
    <Filter Include="Header Files">
      <UniqueIdentifier>{93995380-89BD-4b04-88EB-625FBE52EBFB}</UniqueIdentifier>
      <Extensions>h;hh;hpp;hxx;hm;inl;inc;xsd</Extensions>
    </Filter>
    <Filter Include="Resource Files">
      <UniqueIdentifier>{67DA6AB6-F800-4c08-8B7A-83BB121AAD01}</UniqueIdentifier>
      <Extensions>rc;ico;cur;bmp;dlg;rc2;rct;bin;rgs;gif;jpg;jpeg;jpe;resx;tiff;tif;png;wav;mfcribbon-ms</Extensions>
    </Filter>
    <Filter Include="Header Files\UI">
      <UniqueIdentifier>{f0e59d50-b918-49db-bf78-5d3f20fb7d06}</UniqueIdentifier>
    </Filter>
    <Filter Include="Source Files\UI">
      <UniqueIdentifier>{9fa38d0f-28da-48f0-9a09-93b2abf25ef5}</UniqueIdentifier>
    </Filter>
    <Filter Include="Header Files\Setup">
      <UniqueIdentifier>{6d2cdd50-75cb-4c82-905b-fe70002eb8d2}</UniqueIdentifier>
    </Filter>
    <Filter Include="Source Files\Setup">
      <UniqueIdentifier>{5a3b3cbb-17f3-4fe0-8ef9-90e82a2a11d8}</UniqueIdentifier>
    </Filter>
    <Filter Include="Header Files\Utils">
      <UniqueIdentifier>{2ff1605f-63c6-469c-88c2-a05ac7615e5f}</UniqueIdentifier>
    </Filter>
    <Filter Include="Source Files\Utils">
      <UniqueIdentifier>{23e28057-5814-48da-a3a2-479b588c54ef}</UniqueIdentifier>
    </Filter>
    <Filter Include="Resource Files\Html">
      <UniqueIdentifier>{ad5e21a1-7dbb-474b-beea-46edfc5b6654}</UniqueIdentifier>
    </Filter>
  </ItemGroup>
  <ItemGroup>
    <ClInclude Include="SetupProject.h">
      <Filter>Header Files</Filter>
    </ClInclude>
    <ClInclude Include="DummyDlg.h">
      <Filter>Header Files</Filter>
    </ClInclude>
    <ClInclude Include="stdafx.h">
      <Filter>Header Files</Filter>
    </ClInclude>
    <ClInclude Include="targetver.h">
      <Filter>Header Files</Filter>
    </ClInclude>
    <ClInclude Include="Resource.h">
      <Filter>Header Files</Filter>
    </ClInclude>
    <ClInclude Include="UI\SplashDlg.h">
      <Filter>Header Files\UI</Filter>
    </ClInclude>
    <ClInclude Include="Setup\BaseSetupDlg.h">
      <Filter>Header Files\Setup</Filter>
    </ClInclude>
    <ClInclude Include="Setup\SetupData.h">
      <Filter>Header Files\Setup</Filter>
    </ClInclude>
    <ClInclude Include="Setup\MainSetup.h">
      <Filter>Header Files\Setup</Filter>
    </ClInclude>
    <ClInclude Include="Utils\MsXmlUtils.h">
      <Filter>Header Files\Utils</Filter>
    </ClInclude>
    <ClInclude Include="Utils\StringUtils.h">
      <Filter>Header Files\Utils</Filter>
    </ClInclude>
    <ClInclude Include="UI\EulaDlg.h">
      <Filter>Header Files\UI</Filter>
    </ClInclude>
    <ClInclude Include="Utils\ResourceLoader.h">
      <Filter>Header Files\Utils</Filter>
    </ClInclude>
    <ClInclude Include="Utils\StringLoader.h">
      <Filter>Header Files\Utils</Filter>
    </ClInclude>
    <ClInclude Include="UI\ConfigDlg.h">
      <Filter>Header Files\UI</Filter>
    </ClInclude>
    <ClInclude Include="UI\MainSetupDlg.h">
      <Filter>Header Files\Utils</Filter>
    </ClInclude>
    <ClInclude Include="Utils\HttpDownloader.h">
      <Filter>Header Files\Utils</Filter>
    </ClInclude>
    <ClInclude Include="Setup\ConfigParser.h">
      <Filter>Header Files\Setup</Filter>
    </ClInclude>
  </ItemGroup>
  <ItemGroup>
    <ClCompile Include="SetupProject.cpp">
      <Filter>Source Files</Filter>
    </ClCompile>
    <ClCompile Include="DummyDlg.cpp">
      <Filter>Source Files</Filter>
    </ClCompile>
    <ClCompile Include="stdafx.cpp">
      <Filter>Source Files</Filter>
    </ClCompile>
    <ClCompile Include="UI\SplashDlg.cpp">
      <Filter>Source Files\UI</Filter>
    </ClCompile>
    <ClCompile Include="Setup\MainSetup.cpp">
      <Filter>Source Files\Setup</Filter>
    </ClCompile>
    <ClCompile Include="Utils\MsXmlUtils.cpp">
      <Filter>Source Files\Utils</Filter>
    </ClCompile>
    <ClCompile Include="Utils\StringUtils.cpp">
      <Filter>Source Files\Utils</Filter>
    </ClCompile>
    <ClCompile Include="UI\EulaDlg.cpp">
      <Filter>Source Files\UI</Filter>
    </ClCompile>
    <ClCompile Include="Setup\BaseSetupDlg.cpp">
      <Filter>Source Files\Setup</Filter>
    </ClCompile>
    <ClCompile Include="Utils\ResourceLoader.cpp">
      <Filter>Source Files\Utils</Filter>
    </ClCompile>
    <ClCompile Include="Utils\StringLoader.cpp">
      <Filter>Source Files\Utils</Filter>
    </ClCompile>
    <ClCompile Include="UI\ConfigDlg.cpp">
      <Filter>Source Files\UI</Filter>
    </ClCompile>
    <ClCompile Include="UI\MainSetupDlg.cpp">
      <Filter>Source Files\UI</Filter>
    </ClCompile>
    <ClCompile Include="Setup\SetupData.cpp">
      <Filter>Source Files\Setup</Filter>
    </ClCompile>
    <ClCompile Include="Utils\HttpDownloader.cpp">
      <Filter>Source Files\Utils</Filter>
    </ClCompile>
    <ClCompile Include="Setup\ConfigParser.cpp">
      <Filter>Source Files\Setup</Filter>
    </ClCompile>
  </ItemGroup>
  <ItemGroup>
    <ResourceCompile Include="SetupProject.rc">
      <Filter>Resource Files</Filter>
    </ResourceCompile>
  </ItemGroup>
  <ItemGroup>
    <None Include="res\SetupProject.rc2">
      <Filter>Resource Files</Filter>
    </None>
    <None Include="res\EULA_vn.htm">
      <Filter>Resource Files\Html</Filter>
    </None>
    <None Include="res\EulaDlg.htm">
      <Filter>Resource Files\Html</Filter>
    </None>
    <None Include="res\SplashDlg.htm">
      <Filter>Resource Files\Html</Filter>
    </None>
    <None Include="res\ConfigDlg.htm">
      <Filter>Resource Files\Html</Filter>
    </None>
    <None Include="res\MyStyles.css">
      <Filter>Resource Files\Html</Filter>
    </None>
    <None Include="res\MainSetupDlg.htm">
      <Filter>Resource Files\Html</Filter>
    </None>
  </ItemGroup>
  <ItemGroup>
    <Image Include="res\SetupProject.ico">
      <Filter>Resource Files</Filter>
    </Image>
  </ItemGroup>
  <ItemGroup>
    <Xml Include="res\Text.xml">
      <Filter>Resource Files</Filter>
    </Xml>
    <Xml Include="res\Config.xml">
      <Filter>Resource Files</Filter>
    </Xml>
  </ItemGroup>
</Project>